// !$*UTF8*$!
{
	archiveVersion = 1;
	classes = {
	};
	objectVersion = 56;
	objects = {

/* Begin PBXBuildFile section */
		C10000010000000000000001 /* HappaEchoApp.swift in Sources */ = {isa = PBXBuildFile; fileRef = B10000010000000000000001 /* HappaEchoApp.swift */; };
		C10000020000000000000002 /* ContentView.swift in Sources */ = {isa = PBXBuildFile; fileRef = B10000020000000000000002 /* ContentView.swift */; };
		C10000030000000000000003 /* HappaEchoTests.swift in Sources */ = {isa = PBXBuildFile; fileRef = B10000040000000000000004 /* HappaEchoTests.swift */; };
		C10000040000000000000004 /* HappaEchoUITests.swift in Sources */ = {isa = PBXBuildFile; fileRef = B10000050000000000000005 /* HappaEchoUITests.swift */; };
		C100000C0000000000000000C /* ModelPersistenceTests.swift in Sources */ = {isa = PBXBuildFile; fileRef = B10000100000000000000010 /* ModelPersistenceTests.swift */; };
		C10000050000000000000005 /* DomainEnums.swift in Sources */ = {isa = PBXBuildFile; fileRef = B10000090000000000000009 /* DomainEnums.swift */; };
		C10000060000000000000006 /* Conversation.swift in Sources */ = {isa = PBXBuildFile; fileRef = B100000A0000000000000000A /* Conversation.swift */; };
		C10000070000000000000007 /* Message.swift in Sources */ = {isa = PBXBuildFile; fileRef = B100000B0000000000000000B /* Message.swift */; };
		C10000080000000000000008 /* MessageAttachment.swift in Sources */ = {isa = PBXBuildFile; fileRef = B100000C0000000000000000C /* MessageAttachment.swift */; };
		C10000090000000000000009 /* NotionPageBinding.swift in Sources */ = {isa = PBXBuildFile; fileRef = B100000D0000000000000000D /* NotionPageBinding.swift */; };
		C100000A0000000000000000A /* AppSettings.swift in Sources */ = {isa = PBXBuildFile; fileRef = B100000E0000000000000000E /* AppSettings.swift */; };
		C100000B0000000000000000B /* HappaEchoSchema.swift in Sources */ = {isa = PBXBuildFile; fileRef = B100000F0000000000000000F /* HappaEchoSchema.swift */; };
/* End PBXBuildFile section */

/* Begin PBXContainerItemProxy section */
		A100000A000000000000000A /* PBXContainerItemProxy */ = {
			isa = PBXContainerItemProxy;
			containerPortal = A10000010000000000000001 /* Project object */;
			proxyType = 1;
			remoteGlobalIDString = E10000010000000000000001;
			remoteInfo = HappaEcho;
		};
		A100000B000000000000000B /* PBXContainerItemProxy */ = {
			isa = PBXContainerItemProxy;
			containerPortal = A10000010000000000000001 /* Project object */;
			proxyType = 1;
			remoteGlobalIDString = E10000010000000000000001;
			remoteInfo = HappaEcho;
		};
/* End PBXContainerItemProxy section */

/* Begin PBXFileReference section */
		B10000010000000000000001 /* HappaEchoApp.swift */ = {isa = PBXFileReference; lastKnownFileType = sourcecode.swift; path = HappaEchoApp.swift; sourceTree = "<group>"; };
		B10000020000000000000002 /* ContentView.swift */ = {isa = PBXFileReference; lastKnownFileType = sourcecode.swift; path = ContentView.swift; sourceTree = "<group>"; };
		B10000030000000000000003 /* Info.plist */ = {isa = PBXFileReference; lastKnownFileType = text.plist.xml; path = Info.plist; sourceTree = "<group>"; };
		B10000040000000000000004 /* HappaEchoTests.swift */ = {isa = PBXFileReference; lastKnownFileType = sourcecode.swift; path = HappaEchoTests.swift; sourceTree = "<group>"; };
		B10000050000000000000005 /* HappaEchoUITests.swift */ = {isa = PBXFileReference; lastKnownFileType = sourcecode.swift; path = HappaEchoUITests.swift; sourceTree = "<group>"; };
		B10000060000000000000006 /* HappaEcho.app */ = {isa = PBXFileReference; explicitFileType = wrapper.application; includeInIndex = 0; path = HappaEcho.app; sourceTree = BUILT_PRODUCTS_DIR; };
		B10000070000000000000007 /* HappaEchoTests.xctest */ = {isa = PBXFileReference; explicitFileType = wrapper.cfbundle; includeInIndex = 0; path = HappaEchoTests.xctest; sourceTree = BUILT_PRODUCTS_DIR; };
		B10000080000000000000008 /* HappaEchoUITests.xctest */ = {isa = PBXFileReference; explicitFileType = wrapper.cfbundle; includeInIndex = 0; path = HappaEchoUITests.xctest; sourceTree = BUILT_PRODUCTS_DIR; };
		B10000100000000000000010 /* ModelPersistenceTests.swift */ = {isa = PBXFileReference; lastKnownFileType = sourcecode.swift; path = ModelPersistenceTests.swift; sourceTree = "<group>"; };
		B10000090000000000000009 /* DomainEnums.swift */ = {isa = PBXFileReference; lastKnownFileType = sourcecode.swift; path = DomainEnums.swift; sourceTree = "<group>"; };
		B100000A0000000000000000A /* Conversation.swift */ = {isa = PBXFileReference; lastKnownFileType = sourcecode.swift; path = Conversation.swift; sourceTree = "<group>"; };
		B100000B0000000000000000B /* Message.swift */ = {isa = PBXFileReference; lastKnownFileType = sourcecode.swift; path = Message.swift; sourceTree = "<group>"; };
		B100000C0000000000000000C /* MessageAttachment.swift */ = {isa = PBXFileReference; lastKnownFileType = sourcecode.swift; path = MessageAttachment.swift; sourceTree = "<group>"; };
		B100000D0000000000000000D /* NotionPageBinding.swift */ = {isa = PBXFileReference; lastKnownFileType = sourcecode.swift; path = NotionPageBinding.swift; sourceTree = "<group>"; };
		B100000E0000000000000000E /* AppSettings.swift */ = {isa = PBXFileReference; lastKnownFileType = sourcecode.swift; path = AppSettings.swift; sourceTree = "<group>"; };
		B100000F0000000000000000F /* HappaEchoSchema.swift */ = {isa = PBXFileReference; lastKnownFileType = sourcecode.swift; path = HappaEchoSchema.swift; sourceTree = "<group>"; };
/* End PBXFileReference section */

/* Begin PBXFrameworksBuildPhase section */
		D10000020000000000000002 /* Frameworks */ = {
			isa = PBXFrameworksBuildPhase;
			buildActionMask = 2147483647;
			files = (
			);
			runOnlyForDeploymentPostprocessing = 0;
		};
		D10000050000000000000005 /* Frameworks */ = {
			isa = PBXFrameworksBuildPhase;
			buildActionMask = 2147483647;
			files = (
			);
			runOnlyForDeploymentPostprocessing = 0;
		};
		D10000080000000000000008 /* Frameworks */ = {
			isa = PBXFrameworksBuildPhase;
			buildActionMask = 2147483647;
			files = (
			);
			runOnlyForDeploymentPostprocessing = 0;
		};
/* End PBXFrameworksBuildPhase section */

/* Begin PBXGroup section */
		A10000020000000000000002 = {
			isa = PBXGroup;
			children = (
				A10000040000000000000004 /* HappaEcho */,
				A10000060000000000000006 /* HappaEchoTests */,
				A10000070000000000000007 /* HappaEchoUITests */,
				A10000030000000000000003 /* Products */,
			);
			sourceTree = "<group>";
		};
		A10000030000000000000003 /* Products */ = {
			isa = PBXGroup;
			children = (
				B10000060000000000000006 /* HappaEcho.app */,
				B10000070000000000000007 /* HappaEchoTests.xctest */,
				B10000080000000000000008 /* HappaEchoUITests.xctest */,
			);
			name = Products;
			sourceTree = "<group>";
		};
		A10000040000000000000004 /* HappaEcho */ = {
			isa = PBXGroup;
			children = (
				A10000050000000000000005 /* App */,
				A100000C000000000000000C /* Models */,
				B10000030000000000000003 /* Info.plist */,
			);
			path = HappaEcho;
			sourceTree = "<group>";
		};
		A100000C000000000000000C /* Models */ = {
			isa = PBXGroup;
			children = (
				B10000090000000000000009 /* DomainEnums.swift */,
				B100000A0000000000000000A /* Conversation.swift */,
				B100000B0000000000000000B /* Message.swift */,
				B100000C0000000000000000C /* MessageAttachment.swift */,
				B100000D0000000000000000D /* NotionPageBinding.swift */,
				B100000E0000000000000000E /* AppSettings.swift */,
				B100000F0000000000000000F /* HappaEchoSchema.swift */,
			);
			path = Models;
			sourceTree = "<group>";
		};
		A10000050000000000000005 /* App */ = {
			isa = PBXGroup;
			children = (
				B10000010000000000000001 /* HappaEchoApp.swift */,
				B10000020000000000000002 /* ContentView.swift */,
			);
			path = App;
			sourceTree = "<group>";
		};
		A10000060000000000000006 /* HappaEchoTests */ = {
			isa = PBXGroup;
			children = (
				A100000D000000000000000D /* Models */,
				B10000040000000000000004 /* HappaEchoTests.swift */,
			);
			path = HappaEchoTests;
			sourceTree = "<group>";
		};
		A100000D000000000000000D /* Models */ = {
			isa = PBXGroup;
			children = (
				B10000100000000000000010 /* ModelPersistenceTests.swift */,
			);
			path = Models;
			sourceTree = "<group>";
		};
		A10000070000000000000007 /* HappaEchoUITests */ = {
			isa = PBXGroup;
			children = (
				B10000050000000000000005 /* HappaEchoUITests.swift */,
			);
			path = HappaEchoUITests;
			sourceTree = "<group>";
		};
/* End PBXGroup section */

/* Begin PBXNativeTarget section */
		E10000010000000000000001 /* HappaEcho */ = {
			isa = PBXNativeTarget;
			buildConfigurationList = F10000020000000000000002 /* Build configuration list for PBXNativeTarget "HappaEcho" */;
			buildPhases = (
				D10000010000000000000001 /* Sources */,
				D10000020000000000000002 /* Frameworks */,
				D10000030000000000000003 /* Resources */,
			);
			buildRules = (
			);
			dependencies = (
			);
			name = HappaEcho;
			productName = HappaEcho;
			productReference = B10000060000000000000006 /* HappaEcho.app */;
			productType = "com.apple.product-type.application";
		};
		E10000020000000000000002 /* HappaEchoTests */ = {
			isa = PBXNativeTarget;
			buildConfigurationList = F10000030000000000000003 /* Build configuration list for PBXNativeTarget "HappaEchoTests" */;
			buildPhases = (
				D10000040000000000000004 /* Sources */,
				D10000050000000000000005 /* Frameworks */,
				D10000060000000000000006 /* Resources */,
			);
			buildRules = (
			);
			dependencies = (
				A10000080000000000000008 /* PBXTargetDependency */,
			);
			name = HappaEchoTests;
			productName = HappaEchoTests;
			productReference = B10000070000000000000007 /* HappaEchoTests.xctest */;
			productType = "com.apple.product-type.bundle.unit-test";
		};
		E10000030000000000000003 /* HappaEchoUITests */ = {
			isa = PBXNativeTarget;
			buildConfigurationList = F10000040000000000000004 /* Build configuration list for PBXNativeTarget "HappaEchoUITests" */;
			buildPhases = (
				D10000070000000000000007 /* Sources */,
				D10000080000000000000008 /* Frameworks */,
				D10000090000000000000009 /* Resources */,
			);
			buildRules = (
			);
			dependencies = (
				A10000090000000000000009 /* PBXTargetDependency */,
			);
			name = HappaEchoUITests;
			productName = HappaEchoUITests;
			productReference = B10000080000000000000008 /* HappaEchoUITests.xctest */;
			productType = "com.apple.product-type.bundle.ui-testing";
		};
/* End PBXNativeTarget section */

/* Begin PBXProject section */
		A10000010000000000000001 /* Project object */ = {
			isa = PBXProject;
			attributes = {
				BuildIndependentTargetsInParallel = 1;
				LastSwiftUpdateCheck = 1640;
				LastUpgradeCheck = 1640;
				TargetAttributes = {
					E10000010000000000000001 = {
						CreatedOnToolsVersion = 16.4;
					};
					E10000020000000000000002 = {
						CreatedOnToolsVersion = 16.4;
						TestTargetID = E10000010000000000000001;
					};
					E10000030000000000000003 = {
						CreatedOnToolsVersion = 16.4;
						TestTargetID = E10000010000000000000001;
					};
				};
			};
			buildConfigurationList = F10000010000000000000001 /* Build configuration list for PBXProject "HappaEcho" */;
			compatibilityVersion = "Xcode 14.0";
			developmentRegion = en;
			hasScannedForEncodings = 0;
			knownRegions = (
				en,
				Base,
				"zh-Hans",
			);
			mainGroup = A10000020000000000000002;
			productRefGroup = A10000030000000000000003 /* Products */;
			projectDirPath = "";
			projectRoot = "";
			targets = (
				E10000010000000000000001 /* HappaEcho */,
				E10000020000000000000002 /* HappaEchoTests */,
				E10000030000000000000003 /* HappaEchoUITests */,
			);
		};
/* End PBXProject section */

/* Begin PBXResourcesBuildPhase section */
		D10000030000000000000003 /* Resources */ = {
			isa = PBXResourcesBuildPhase;
			buildActionMask = 2147483647;
			files = (
			);
			runOnlyForDeploymentPostprocessing = 0;
		};
		D10000060000000000000006 /* Resources */ = {
			isa = PBXResourcesBuildPhase;
			buildActionMask = 2147483647;
			files = (
			);
			runOnlyForDeploymentPostprocessing = 0;
		};
		D10000090000000000000009 /* Resources */ = {
			isa = PBXResourcesBuildPhase;
			buildActionMask = 2147483647;
			files = (
			);
			runOnlyForDeploymentPostprocessing = 0;
		};
/* End PBXResourcesBuildPhase section */

/* Begin PBXSourcesBuildPhase section */
		D10000010000000000000001 /* Sources */ = {
			isa = PBXSourcesBuildPhase;
			buildActionMask = 2147483647;
			files = (
				C10000010000000000000001 /* HappaEchoApp.swift in Sources */,
				C10000020000000000000002 /* ContentView.swift in Sources */,
				C10000050000000000000005 /* DomainEnums.swift in Sources */,
				C10000060000000000000006 /* Conversation.swift in Sources */,
				C10000070000000000000007 /* Message.swift in Sources */,
				C10000080000000000000008 /* MessageAttachment.swift in Sources */,
				C10000090000000000000009 /* NotionPageBinding.swift in Sources */,
				C100000A0000000000000000A /* AppSettings.swift in Sources */,
				C100000B0000000000000000B /* HappaEchoSchema.swift in Sources */,
			);
			runOnlyForDeploymentPostprocessing = 0;
		};
		D10000040000000000000004 /* Sources */ = {
			isa = PBXSourcesBuildPhase;
			buildActionMask = 2147483647;
			files = (
				C10000030000000000000003 /* HappaEchoTests.swift in Sources */,
				C100000C0000000000000000C /* ModelPersistenceTests.swift in Sources */,
			);
			runOnlyForDeploymentPostprocessing = 0;
		};
		D10000070000000000000007 /* Sources */ = {
			isa = PBXSourcesBuildPhase;
			buildActionMask = 2147483647;
			files = (
				C10000040000000000000004 /* HappaEchoUITests.swift in Sources */,
			);
			runOnlyForDeploymentPostprocessing = 0;
		};
/* End PBXSourcesBuildPhase section */

/* Begin PBXTargetDependency section */
		A10000080000000000000008 /* PBXTargetDependency */ = {
			isa = PBXTargetDependency;
			target = E10000010000000000000001 /* HappaEcho */;
			targetProxy = A100000A000000000000000A /* PBXContainerItemProxy */;
		};
		A10000090000000000000009 /* PBXTargetDependency */ = {
			isa = PBXTargetDependency;
			target = E10000010000000000000001 /* HappaEcho */;
			targetProxy = A100000B000000000000000B /* PBXContainerItemProxy */;
		};
/* End PBXTargetDependency section */

/* Begin XCBuildConfiguration section */
		F10000050000000000000005 /* Debug */ = {
			isa = XCBuildConfiguration;
			buildSettings = {
				ALWAYS_SEARCH_USER_PATHS = NO;
				CLANG_ANALYZER_NONNULL = YES;
				CLANG_ANALYZER_NUMBER_OBJECT_CONVERSION = YES_AGGRESSIVE;
				CLANG_CXX_LANGUAGE_STANDARD = "gnu++20";
				CLANG_ENABLE_MODULES = YES;
				CLANG_ENABLE_OBJC_ARC = YES;
				CLANG_ENABLE_OBJC_WEAK = YES;
				CLANG_WARN_BLOCK_CAPTURE_AUTORELEASING = YES;
				CLANG_WARN_BOOL_CONVERSION = YES;
				CLANG_WARN_COMMA = YES;
				CLANG_WARN_CONSTANT_CONVERSION = YES;
				CLANG_WARN_DEPRECATED_OBJC_IMPLEMENTATIONS = YES;
				CLANG_WARN_DIRECT_OBJC_ISA_USAGE = YES_ERROR;
				CLANG_WARN_DOCUMENTATION_COMMENTS = YES;
				CLANG_WARN_EMPTY_BODY = YES;
				CLANG_WARN_ENUM_CONVERSION = YES;
				CLANG_WARN_INFINITE_RECURSION = YES;
				CLANG_WARN_INT_CONVERSION = YES;
				CLANG_WARN_NON_LITERAL_NULL_CONVERSION = YES;
				CLANG_WARN_OBJC_IMPLICIT_RETAIN_SELF = YES;
				CLANG_WARN_OBJC_LITERAL_CONVERSION = YES;
				CLANG_WARN_OBJC_ROOT_CLASS = YES_ERROR;
				CLANG_WARN_QUOTED_INCLUDE_IN_FRAMEWORK_HEADER = YES;
				CLANG_WARN_RANGE_LOOP_ANALYSIS = YES;
				CLANG_WARN_STRICT_PROTOTYPES = YES;
				CLANG_WARN_SUSPICIOUS_MOVE = YES;
				CLANG_WARN_UNGUARDED_AVAILABILITY = YES_AGGRESSIVE;
				CLANG_WARN_UNREACHABLE_CODE = YES;
				CLANG_WARN__DUPLICATE_METHOD_MATCH = YES;
				COPY_PHASE_STRIP = NO;
				DEBUG_INFORMATION_FORMAT = dwarf;
				ENABLE_STRICT_OBJC_MSGSEND = YES;
				ENABLE_TESTABILITY = YES;
				ENABLE_USER_SCRIPT_SANDBOXING = YES;
				GCC_C_LANGUAGE_STANDARD = gnu17;
				GCC_DYNAMIC_NO_PIC = NO;
				GCC_NO_COMMON_BLOCKS = YES;
				GCC_OPTIMIZATION_LEVEL = 0;
				GCC_PREPROCESSOR_DEFINITIONS = (
					"DEBUG=1",
					"$(inherited)",
				);
				GCC_WARN_64_TO_32_BIT_CONVERSION = YES;
				GCC_WARN_ABOUT_RETURN_TYPE = YES_ERROR;
				GCC_WARN_UNDECLARED_SELECTOR = YES;
				GCC_WARN_UNINITIALIZED_AUTOS = YES_AGGRESSIVE;
				GCC_WARN_UNUSED_FUNCTION = YES;
				GCC_WARN_UNUSED_VARIABLE = YES;
				IPHONEOS_DEPLOYMENT_TARGET = 17.0;
				MTL_ENABLE_DEBUG_INFO = INCLUDE_SOURCE;
				MTL_FAST_MATH = YES;
				ONLY_ACTIVE_ARCH = YES;
				SDKROOT = iphoneos;
				SWIFT_ACTIVE_COMPILATION_CONDITIONS = "DEBUG $(inherited)";
				SWIFT_OPTIMIZATION_LEVEL = "-Onone";
			};
			name = Debug;
		};
		F10000060000000000000006 /* Release */ = {
			isa = XCBuildConfiguration;
			buildSettings = {
				ALWAYS_SEARCH_USER_PATHS = NO;
				CLANG_ANALYZER_NONNULL = YES;
				CLANG_ANALYZER_NUMBER_OBJECT_CONVERSION = YES_AGGRESSIVE;
				CLANG_CXX_LANGUAGE_STANDARD = "gnu++20";
				CLANG_ENABLE_MODULES = YES;
				CLANG_ENABLE_OBJC_ARC = YES;
				CLANG_ENABLE_OBJC_WEAK = YES;
				CLANG_WARN_BLOCK_CAPTURE_AUTORELEASING = YES;
				CLANG_WARN_BOOL_CONVERSION = YES;
				CLANG_WARN_COMMA = YES;
				CLANG_WARN_CONSTANT_CONVERSION = YES;
				CLANG_WARN_DEPRECATED_OBJC_IMPLEMENTATIONS = YES;
				CLANG_WARN_DIRECT_OBJC_ISA_USAGE = YES_ERROR;
				CLANG_WARN_DOCUMENTATION_COMMENTS = YES;
				CLANG_WARN_EMPTY_BODY = YES;
				CLANG_WARN_ENUM_CONVERSION = YES;
				CLANG_WARN_INFINITE_RECURSION = YES;
				CLANG_WARN_INT_CONVERSION = YES;
				CLANG_WARN_NON_LITERAL_NULL_CONVERSION = YES;
				CLANG_WARN_OBJC_IMPLICIT_RETAIN_SELF = YES;
				CLANG_WARN_OBJC_LITERAL_CONVERSION = YES;
				CLANG_WARN_OBJC_ROOT_CLASS = YES_ERROR;
				CLANG_WARN_QUOTED_INCLUDE_IN_FRAMEWORK_HEADER = YES;
				CLANG_WARN_RANGE_LOOP_ANALYSIS = YES;
				CLANG_WARN_STRICT_PROTOTYPES = YES;
				CLANG_WARN_SUSPICIOUS_MOVE = YES;
				CLANG_WARN_UNGUARDED_AVAILABILITY = YES_AGGRESSIVE;
				CLANG_WARN_UNREACHABLE_CODE = YES;
				CLANG_WARN__DUPLICATE_METHOD_MATCH = YES;
				COPY_PHASE_STRIP = NO;
				DEBUG_INFORMATION_FORMAT = "dwarf-with-dsym";
				ENABLE_NS_ASSERTIONS = NO;
				ENABLE_STRICT_OBJC_MSGSEND = YES;
				ENABLE_USER_SCRIPT_SANDBOXING = YES;
				GCC_C_LANGUAGE_STANDARD = gnu17;
				GCC_NO_COMMON_BLOCKS = YES;
				GCC_WARN_64_TO_32_BIT_CONVERSION = YES;
				GCC_WARN_ABOUT_RETURN_TYPE = YES_ERROR;
				GCC_WARN_UNDECLARED_SELECTOR = YES;
				GCC_WARN_UNINITIALIZED_AUTOS = YES_AGGRESSIVE;
				GCC_WARN_UNUSED_FUNCTION = YES;
				GCC_WARN_UNUSED_VARIABLE = YES;
				IPHONEOS_DEPLOYMENT_TARGET = 17.0;
				MTL_ENABLE_DEBUG_INFO = NO;
				MTL_FAST_MATH = YES;
				SDKROOT = iphoneos;
				SWIFT_COMPILATION_MODE = wholemodule;
				SWIFT_OPTIMIZATION_LEVEL = "-O";
				VALIDATE_PRODUCT = YES;
			};
			name = Release;
		};
		F10000070000000000000007 /* Debug */ = {
			isa = XCBuildConfiguration;
			buildSettings = {
				CODE_SIGN_STYLE = Automatic;
				CURRENT_PROJECT_VERSION = 1;
				GENERATE_INFOPLIST_FILE = NO;
				INFOPLIST_FILE = HappaEcho/Info.plist;
				LD_RUNPATH_SEARCH_PATHS = (
					"$(inherited)",
					"@executable_path/Frameworks",
				);
				MARKETING_VERSION = 1.0;
				PRODUCT_BUNDLE_IDENTIFIER = com.happaecho.app;
				PRODUCT_NAME = "$(TARGET_NAME)";
				SWIFT_EMIT_LOC_STRINGS = YES;
				SWIFT_VERSION = 5.0;
				TARGETED_DEVICE_FAMILY = "1,2";
			};
			name = Debug;
		};
		F10000080000000000000008 /* Release */ = {
			isa = XCBuildConfiguration;
			buildSettings = {
				CODE_SIGN_STYLE = Automatic;
				CURRENT_PROJECT_VERSION = 1;
				GENERATE_INFOPLIST_FILE = NO;
				INFOPLIST_FILE = HappaEcho/Info.plist;
				LD_RUNPATH_SEARCH_PATHS = (
					"$(inherited)",
					"@executable_path/Frameworks",
				);
				MARKETING_VERSION = 1.0;
				PRODUCT_BUNDLE_IDENTIFIER = com.happaecho.app;
				PRODUCT_NAME = "$(TARGET_NAME)";
				SWIFT_EMIT_LOC_STRINGS = YES;
				SWIFT_VERSION = 5.0;
				TARGETED_DEVICE_FAMILY = "1,2";
			};
			name = Release;
		};
		F10000090000000000000009 /* Debug */ = {
			isa = XCBuildConfiguration;
			buildSettings = {
				BUNDLE_LOADER = "$(TEST_HOST)";
				CODE_SIGN_STYLE = Automatic;
				CURRENT_PROJECT_VERSION = 1;
				GENERATE_INFOPLIST_FILE = YES;
				LD_RUNPATH_SEARCH_PATHS = (
					"$(inherited)",
					"@executable_path/Frameworks",
					"@loader_path/Frameworks",
				);
				MARKETING_VERSION = 1.0;
				PRODUCT_BUNDLE_IDENTIFIER = com.happaecho.app.tests;
				PRODUCT_NAME = "$(TARGET_NAME)";
				SWIFT_EMIT_LOC_STRINGS = NO;
				SWIFT_VERSION = 5.0;
				TARGETED_DEVICE_FAMILY = "1,2";
				TEST_HOST = "$(BUILT_PRODUCTS_DIR)/HappaEcho.app/$(BUNDLE_EXECUTABLE_FOLDER_PATH)/HappaEcho";
			};
			name = Debug;
		};
		F100000A000000000000000A /* Release */ = {
			isa = XCBuildConfiguration;
			buildSettings = {
				BUNDLE_LOADER = "$(TEST_HOST)";
				CODE_SIGN_STYLE = Automatic;
				CURRENT_PROJECT_VERSION = 1;
				GENERATE_INFOPLIST_FILE = YES;
				LD_RUNPATH_SEARCH_PATHS = (
					"$(inherited)",
					"@executable_path/Frameworks",
					"@loader_path/Frameworks",
				);
				MARKETING_VERSION = 1.0;
				PRODUCT_BUNDLE_IDENTIFIER = com.happaecho.app.tests;
				PRODUCT_NAME = "$(TARGET_NAME)";
				SWIFT_EMIT_LOC_STRINGS = NO;
				SWIFT_VERSION = 5.0;
				TARGETED_DEVICE_FAMILY = "1,2";
				TEST_HOST = "$(BUILT_PRODUCTS_DIR)/HappaEcho.app/$(BUNDLE_EXECUTABLE_FOLDER_PATH)/HappaEcho";
			};
			name = Release;
		};
		F100000B000000000000000B /* Debug */ = {
			isa = XCBuildConfiguration;
			buildSettings = {
				CODE_SIGN_STYLE = Automatic;
				CURRENT_PROJECT_VERSION = 1;
				GENERATE_INFOPLIST_FILE = YES;
				LD_RUNPATH_SEARCH_PATHS = (
					"$(inherited)",
					"@executable_path/Frameworks",
					"@loader_path/Frameworks",
				);
				MARKETING_VERSION = 1.0;
				PRODUCT_BUNDLE_IDENTIFIER = com.happaecho.app.uitests;
				PRODUCT_NAME = "$(TARGET_NAME)";
				SWIFT_EMIT_LOC_STRINGS = NO;
				SWIFT_VERSION = 5.0;
				TARGETED_DEVICE_FAMILY = "1,2";
				TEST_TARGET_NAME = HappaEcho;
			};
			name = Debug;
		};
		F100000C000000000000000C /* Release */ = {
			isa = XCBuildConfiguration;
			buildSettings = {
				CODE_SIGN_STYLE = Automatic;
				CURRENT_PROJECT_VERSION = 1;
				GENERATE_INFOPLIST_FILE = YES;
				LD_RUNPATH_SEARCH_PATHS = (
					"$(inherited)",
					"@executable_path/Frameworks",
					"@loader_path/Frameworks",
				);
				MARKETING_VERSION = 1.0;
				PRODUCT_BUNDLE_IDENTIFIER = com.happaecho.app.uitests;
				PRODUCT_NAME = "$(TARGET_NAME)";
				SWIFT_EMIT_LOC_STRINGS = NO;
				SWIFT_VERSION = 5.0;
				TARGETED_DEVICE_FAMILY = "1,2";
				TEST_TARGET_NAME = HappaEcho;
			};
			name = Release;
		};
/* End XCBuildConfiguration section */

/* Begin XCConfigurationList section */
		F10000010000000000000001 /* Build configuration list for PBXProject "HappaEcho" */ = {
			isa = XCConfigurationList;
			buildConfigurations = (
				F10000050000000000000005 /* Debug */,
				F10000060000000000000006 /* Release */,
			);
			defaultConfigurationIsVisible = 0;
			defaultConfigurationName = Release;
		};
		F10000020000000000000002 /* Build configuration list for PBXNativeTarget "HappaEcho" */ = {
			isa = XCConfigurationList;
			buildConfigurations = (
				F10000070000000000000007 /* Debug */,
				F10000080000000000000008 /* Release */,
			);
			defaultConfigurationIsVisible = 0;
			defaultConfigurationName = Release;
		};
		F10000030000000000000003 /* Build configuration list for PBXNativeTarget "HappaEchoTests" */ = {
			isa = XCConfigurationList;
			buildConfigurations = (
				F10000090000000000000009 /* Debug */,
				F100000A000000000000000A /* Release */,
			);
			defaultConfigurationIsVisible = 0;
			defaultConfigurationName = Release;
		};
		F10000040000000000000004 /* Build configuration list for PBXNativeTarget "HappaEchoUITests" */ = {
			isa = XCConfigurationList;
			buildConfigurations = (
				F100000B000000000000000B /* Debug */,
				F100000C000000000000000C /* Release */,
			);
			defaultConfigurationIsVisible = 0;
			defaultConfigurationName = Release;
		};
/* End XCConfigurationList section */
	};
	rootObject = A10000010000000000000001 /* Project object */;
}
